
Microsoft Visual Studio Solution File, Format Version 12.00
# Visual Studio Version 16
VisualStudioVersion = 16.0.29709.97
MinimumVisualStudioVersion = 10.0.40219.1
Project("{FAE04EC0-301F-11D3-BF4B-00C04F79EFBC}") = "PlayFair_Cipher", "PlayFair_Cipher\PlayFair_Cipher.csproj", "{5E6E9CE5-590B-43F1-B4B6-A6CDFBC86A71}"
EndProject
Global
	GlobalSection(SolutionConfigurationPlatforms) = preSolution
		Debug|Any CPU = Debug|Any CPU
		Release|Any CPU = Release|Any CPU
	EndGlobalSection
	GlobalSection(ProjectConfigurationPlatforms) = postSolution
		{5E6E9CE5-590B-43F1-B4B6-A6CDFBC86A71}.Debug|Any CPU.ActiveCfg = Debug|Any CPU
		{5E6E9CE5-590B-43F1-B4B6-A6CDFBC86A71}.Debug|Any CPU.Build.0 = Debug|Any CPU
		{5E6E9CE5-590B-43F1-B4B6-A6CDFBC86A71}.Release|Any CPU.ActiveCfg = Release|Any CPU
		{5E6E9CE5-590B-43F1-B4B6-A6CDFBC86A71}.Release|Any CPU.Build.0 = Release|Any CPU
	EndGlobalSection
	GlobalSection(SolutionProperties) = preSolution
		HideSolutionNode = FALSE
	EndGlobalSection
	GlobalSection(ExtensibilityGlobals) = postSolution
		SolutionGuid = {A4668392-6F6C-4ED9-9ECC-EBBFF8439F89}
	EndGlobalSection
EndGlobal
